
Microsoft Visual Studio Solution File, Format Version 12.00
# Visual Studio 2013
VisualStudioVersion = 12.0.21005.1
MinimumVisualStudioVersion = 10.0.40219.1
Project("{FAE04EC0-301F-11D3-BF4B-00C04F79EFBC}") = "ControlClient", "ControlClient\ControlClient.csproj", "{5DBF8052-E2F3-4D6D-BE1B-1C45FD9457A0}"
EndProject
Project("{FAE04EC0-301F-11D3-BF4B-00C04F79EFBC}") = "MaxapmControlClient", "MaxapmControlClient\MaxapmControlClient.csproj", "{C06D9DF6-CC43-4235-AC5D-DFCF8977AA95}"
EndProject
Global
	GlobalSection(SolutionConfigurationPlatforms) = preSolution
		Debug|Any CPU = Debug|Any CPU
		Release|Any CPU = Release|Any CPU
	EndGlobalSection
	GlobalSection(ProjectConfigurationPlatforms) = postSolution
		{5DBF8052-E2F3-4D6D-BE1B-1C45FD9457A0}.Debug|Any CPU.ActiveCfg = Debug|Any CPU
		{5DBF8052-E2F3-4D6D-BE1B-1C45FD9457A0}.Debug|Any CPU.Build.0 = Debug|Any CPU
		{5DBF8052-E2F3-4D6D-BE1B-1C45FD9457A0}.Release|Any CPU.ActiveCfg = Release|Any CPU
		{5DBF8052-E2F3-4D6D-BE1B-1C45FD9457A0}.Release|Any CPU.Build.0 = Release|Any CPU
		{C06D9DF6-CC43-4235-AC5D-DFCF8977AA95}.Debug|Any CPU.ActiveCfg = Debug|Any CPU
		{C06D9DF6-CC43-4235-AC5D-DFCF8977AA95}.Debug|Any CPU.Build.0 = Debug|Any CPU
		{C06D9DF6-CC43-4235-AC5D-DFCF8977AA95}.Release|Any CPU.ActiveCfg = Release|Any CPU
		{C06D9DF6-CC43-4235-AC5D-DFCF8977AA95}.Release|Any CPU.Build.0 = Release|Any CPU
	EndGlobalSection
	GlobalSection(SolutionProperties) = preSolution
		HideSolutionNode = FALSE
	EndGlobalSection
EndGlobal
